
Microsoft Visual Studio Solution File, Format Version 12.00
Project("{2150E333-8FDC-42A3-9474-1A3956D46DE8}") = "src", "src", "{9142C063-CED1-413D-A6D6-0B6E5C4C075B}"
EndProject
Project("{FAE04EC0-301F-11D3-BF4B-00C04F79EFBC}") = "Domain", "src\Domain\Domain.csproj", "{D7E18DEC-5301-4F57-B257-6F4699FA5565}"
EndProject
Project("{FAE04EC0-301F-11D3-BF4B-00C04F79EFBC}") = "Application", "src\Application\Application.csproj", "{FAAB8C8C-87E4-4A08-B65C-954E32CA5A01}"
EndProject
Project("{FAE04EC0-301F-11D3-BF4B-00C04F79EFBC}") = "Infrastructure", "src\Infrastructure\Infrastructure.csproj", "{AC863778-E632-49D8-BC7E-7994CAD88F42}"
EndProject
Project("{FAE04EC0-301F-11D3-BF4B-00C04F79EFBC}") = "Api", "src\Api\Api.csproj", "{BB15C5C5-314E-4532-BB35-ECEF369EC613}"
EndProject
Project("{2150E333-8FDC-42A3-9474-1A3956D46DE8}") = "Solution Items", "Solution Items", "{EC241D4D-D8BD-425C-9C82-798CB5105287}"
	ProjectSection(SolutionItems) = preProject
		src\Dockerfile = src\Dockerfile
		src\.dockerignore = src\.dockerignore
		database-diagram.png = database-diagram.png
		Makefile = Makefile
		docker-compose.yml = docker-compose.yml
		swagger.json = swagger.json
		README.md = README.md
	EndProjectSection
EndProject
Global
	GlobalSection(SolutionConfigurationPlatforms) = preSolution
		Debug|Any CPU = Debug|Any CPU
		Release|Any CPU = Release|Any CPU
	EndGlobalSection
	GlobalSection(ProjectConfigurationPlatforms) = postSolution
		{D7E18DEC-5301-4F57-B257-6F4699FA5565}.Debug|Any CPU.ActiveCfg = Debug|Any CPU
		{D7E18DEC-5301-4F57-B257-6F4699FA5565}.Debug|Any CPU.Build.0 = Debug|Any CPU
		{D7E18DEC-5301-4F57-B257-6F4699FA5565}.Release|Any CPU.ActiveCfg = Release|Any CPU
		{D7E18DEC-5301-4F57-B257-6F4699FA5565}.Release|Any CPU.Build.0 = Release|Any CPU
		{FAAB8C8C-87E4-4A08-B65C-954E32CA5A01}.Debug|Any CPU.ActiveCfg = Debug|Any CPU
		{FAAB8C8C-87E4-4A08-B65C-954E32CA5A01}.Debug|Any CPU.Build.0 = Debug|Any CPU
		{FAAB8C8C-87E4-4A08-B65C-954E32CA5A01}.Release|Any CPU.ActiveCfg = Release|Any CPU
		{FAAB8C8C-87E4-4A08-B65C-954E32CA5A01}.Release|Any CPU.Build.0 = Release|Any CPU
		{AC863778-E632-49D8-BC7E-7994CAD88F42}.Debug|Any CPU.ActiveCfg = Debug|Any CPU
		{AC863778-E632-49D8-BC7E-7994CAD88F42}.Debug|Any CPU.Build.0 = Debug|Any CPU
		{AC863778-E632-49D8-BC7E-7994CAD88F42}.Release|Any CPU.ActiveCfg = Release|Any CPU
		{AC863778-E632-49D8-BC7E-7994CAD88F42}.Release|Any CPU.Build.0 = Release|Any CPU
		{BB15C5C5-314E-4532-BB35-ECEF369EC613}.Debug|Any CPU.ActiveCfg = Debug|Any CPU
		{BB15C5C5-314E-4532-BB35-ECEF369EC613}.Debug|Any CPU.Build.0 = Debug|Any CPU
		{BB15C5C5-314E-4532-BB35-ECEF369EC613}.Release|Any CPU.ActiveCfg = Release|Any CPU
		{BB15C5C5-314E-4532-BB35-ECEF369EC613}.Release|Any CPU.Build.0 = Release|Any CPU
	EndGlobalSection
	GlobalSection(NestedProjects) = preSolution
		{D7E18DEC-5301-4F57-B257-6F4699FA5565} = {9142C063-CED1-413D-A6D6-0B6E5C4C075B}
		{FAAB8C8C-87E4-4A08-B65C-954E32CA5A01} = {9142C063-CED1-413D-A6D6-0B6E5C4C075B}
		{AC863778-E632-49D8-BC7E-7994CAD88F42} = {9142C063-CED1-413D-A6D6-0B6E5C4C075B}
		{BB15C5C5-314E-4532-BB35-ECEF369EC613} = {9142C063-CED1-413D-A6D6-0B6E5C4C075B}
	EndGlobalSection
EndGlobal
